{
  "requires": true,
  "lockfileVersion": 1,
  "dependencies": {
    "appsjs": {
      "version": "2.0.2",
      "resolved": "https://registry.npmjs.org/appsjs/-/appsjs-2.0.2.tgz",
      "integrity": "sha512-v513F9zbkNqE5CF6gzYuIWrxGsUOFXD5Qw9OWvMg3GWCy4hqbc8jJOX3ERlhJCgv72E4/PsO30vGp+jVAzE3Uw=="
    }
  }
}
